
Microsoft Visual Studio Solution File, Format Version 12.00
# Visual Studio 14
VisualStudioVersion = 14.0.25123.0
MinimumVisualStudioVersion = 10.0.40219.1
Project("{FAE04EC0-301F-11D3-BF4B-00C04F79EFBC}") = "Etec.MoveisPlanejados.UI", "Etec.MoveisPlanejados.UI\Etec.MoveisPlanejados.UI.csproj", "{08817088-5385-4F23-A985-C1F7BDF7DBBA}"
EndProject
Global
	GlobalSection(SolutionConfigurationPlatforms) = preSolution
		Debug|Any CPU = Debug|Any CPU
		Release|Any CPU = Release|Any CPU
	EndGlobalSection
	GlobalSection(ProjectConfigurationPlatforms) = postSolution
		{08817088-5385-4F23-A985-C1F7BDF7DBBA}.Debug|Any CPU.ActiveCfg = Debug|Any CPU
		{08817088-5385-4F23-A985-C1F7BDF7DBBA}.Debug|Any CPU.Build.0 = Debug|Any CPU
		{08817088-5385-4F23-A985-C1F7BDF7DBBA}.Release|Any CPU.ActiveCfg = Release|Any CPU
		{08817088-5385-4F23-A985-C1F7BDF7DBBA}.Release|Any CPU.Build.0 = Release|Any CPU
	EndGlobalSection
	GlobalSection(SolutionProperties) = preSolution
		HideSolutionNode = FALSE
	EndGlobalSection
EndGlobal
